// !$*UTF8*$!
{
	archiveVersion = 1;
	classes = {
	};
	objectVersion = 46;
	objects = {

/* Begin PBXBuildFile section */
		F722A5471B51F8580081F66A /* main.m in Sources */ = {isa = PBXBuildFile; fileRef = F722A5461B51F8580081F66A /* main.m */; };
		F722A54A1B51F8580081F66A /* AppDelegate.m in Sources */ = {isa = PBXBuildFile; fileRef = F722A5491B51F8580081F66A /* AppDelegate.m */; };
		F722A54D1B51F8580081F66A /* ViewController.m in Sources */ = {isa = PBXBuildFile; fileRef = F722A54C1B51F8580081F66A /* ViewController.m */; };
		F722A5501B51F8580081F66A /* Main.storyboard in Resources */ = {isa = PBXBuildFile; fileRef = F722A54E1B51F8580081F66A /* Main.storyboard */; };
		F722A5521B51F8580081F66A /* Images.xcassets in Resources */ = {isa = PBXBuildFile; fileRef = F722A5511B51F8580081F66A /* Images.xcassets */; };
		F722A5551B51F8580081F66A /* LaunchScreen.xib in Resources */ = {isa = PBXBuildFile; fileRef = F722A5531B51F8580081F66A /* LaunchScreen.xib */; };
		F722A5611B51F8580081F66A /* JamMusicTests.m in Sources */ = {isa = PBXBuildFile; fileRef = F722A5601B51F8580081F66A /* JamMusicTests.m */; };
/* End PBXBuildFile section */

/* Begin PBXContainerItemProxy section */
		F722A55B1B51F8580081F66A /* PBXContainerItemProxy */ = {
			isa = PBXContainerItemProxy;
			containerPortal = F722A5391B51F8580081F66A /* Project object */;
			proxyType = 1;
			remoteGlobalIDString = F722A5401B51F8580081F66A;
			remoteInfo = JamMusic;
		};
/* End PBXContainerItemProxy section */

/* Begin PBXFileReference section */
		F722A5411B51F8580081F66A /* JamMusic.app */ = {isa = PBXFileReference; explicitFileType = wrapper.application; includeInIndex = 0; path = JamMusic.app; sourceTree = BUILT_PRODUCTS_DIR; };
		F722A5451B51F8580081F66A /* Info.plist */ = {isa = PBXFileReference; lastKnownFileType = text.plist.xml; path = Info.plist; sourceTree = "<group>"; };
		F722A5461B51F8580081F66A /* main.m */ = {isa = PBXFileReference; lastKnownFileType = sourcecode.c.objc; path = main.m; sourceTree = "<group>"; };
		F722A5481B51F8580081F66A /* AppDelegate.h */ = {isa = PBXFileReference; lastKnownFileType = sourcecode.c.h; path = AppDelegate.h; sourceTree = "<group>"; };
		F722A5491B51F8580081F66A /* AppDelegate.m */ = {isa = PBXFileReference; lastKnownFileType = sourcecode.c.objc; path = AppDelegate.m; sourceTree = "<group>"; };
		F722A54B1B51F8580081F66A /* ViewController.h */ = {isa = PBXFileReference; lastKnownFileType = sourcecode.c.h; path = ViewController.h; sourceTree = "<group>"; };
		F722A54C1B51F8580081F66A /* ViewController.m */ = {isa = PBXFileReference; lastKnownFileType = sourcecode.c.objc; path = ViewController.m; sourceTree = "<group>"; };
		F722A54F1B51F8580081F66A /* Base */ = {isa = PBXFileReference; lastKnownFileType = file.storyboard; name = Base; path = Base.lproj/Main.storyboard; sourceTree = "<group>"; };
		F722A5511B51F8580081F66A /* Images.xcassets */ = {isa = PBXFileReference; lastKnownFileType = folder.assetcatalog; path = Images.xcassets; sourceTree = "<group>"; };
		F722A5541B51F8580081F66A /* Base */ = {isa = PBXFileReference; lastKnownFileType = file.xib; name = Base; path = Base.lproj/LaunchScreen.xib; sourceTree = "<group>"; };
		F722A55A1B51F8580081F66A /* JamMusicTests.xctest */ = {isa = PBXFileReference; explicitFileType = wrapper.cfbundle; includeInIndex = 0; path = JamMusicTests.xctest; sourceTree = BUILT_PRODUCTS_DIR; };
		F722A55F1B51F8580081F66A /* Info.plist */ = {isa = PBXFileReference; lastKnownFileType = text.plist.xml; path = Info.plist; sourceTree = "<group>"; };
		F722A5601B51F8580081F66A /* JamMusicTests.m */ = {isa = PBXFileReference; lastKnownFileType = sourcecode.c.objc; path = JamMusicTests.m; sourceTree = "<group>"; };
/* End PBXFileReference section */

/* Begin PBXFrameworksBuildPhase section */
		F722A53E1B51F8580081F66A /* Frameworks */ = {
			isa = PBXFrameworksBuildPhase;
			buildActionMask = 2147483647;
			files = (
			);
			runOnlyForDeploymentPostprocessing = 0;
		};
		F722A5571B51F8580081F66A /* Frameworks */ = {
			isa = PBXFrameworksBuildPhase;
			buildActionMask = 2147483647;
			files = (
			);
			runOnlyForDeploymentPostprocessing = 0;
		};
/* End PBXFrameworksBuildPhase section */

/* Begin PBXGroup section */
		F722A5381B51F8580081F66A = {
			isa = PBXGroup;
			children = (
				F722A5431B51F8580081F66A /* JamMusic */,
				F722A55D1B51F8580081F66A /* JamMusicTests */,
				F722A5421B51F8580081F66A /* Products */,
			);
			sourceTree = "<group>";
		};
		F722A5421B51F8580081F66A /* Products */ = {
			isa = PBXGroup;
			children = (
				F722A5411B51F8580081F66A /* JamMusic.app */,
				F722A55A1B51F8580081F66A /* JamMusicTests.xctest */,
			);
			name = Products;
			sourceTree = "<group>";
		};
		F722A5431B51F8580081F66A /* JamMusic */ = {
			isa = PBXGroup;
			children = (
				F722A5481B51F8580081F66A /* AppDelegate.h */,
				F722A5491B51F8580081F66A /* AppDelegate.m */,
				F722A54B1B51F8580081F66A /* ViewController.h */,
				F722A54C1B51F8580081F66A /* ViewController.m */,
				F722A54E1B51F8580081F66A /* Main.storyboard */,
				F722A5511B51F8580081F66A /* Images.xcassets */,
				F722A5531B51F8580081F66A /* LaunchScreen.xib */,
				F722A5441B51F8580081F66A /* Supporting Files */,
			);
			path = JamMusic;
			sourceTree = "<group>";
		};
		F722A5441B51F8580081F66A /* Supporting Files */ = {
			isa = PBXGroup;
			children = (
				F722A5451B51F8580081F66A /* Info.plist */,
				F722A5461B51F8580081F66A /* main.m */,
			);
			name = "Supporting Files";
			sourceTree = "<group>";
		};
		F722A55D1B51F8580081F66A /* JamMusicTests */ = {
			isa = PBXGroup;
			children = (
				F722A5601B51F8580081F66A /* JamMusicTests.m */,
				F722A55E1B51F8580081F66A /* Supporting Files */,
			);
			path = JamMusicTests;
			sourceTree = "<group>";
		};
		F722A55E1B51F8580081F66A /* Supporting Files */ = {
			isa = PBXGroup;
			children = (
				F722A55F1B51F8580081F66A /* Info.plist */,
			);
			name = "Supporting Files";
			sourceTree = "<group>";
		};
/* End PBXGroup section */

/* Begin PBXNativeTarget section */
		F722A5401B51F8580081F66A /* JamMusic */ = {
			isa = PBXNativeTarget;
			buildConfigurationList = F722A5641B51F8580081F66A /* Build configuration list for PBXNativeTarget "JamMusic" */;
			buildPhases = (
				F722A53D1B51F8580081F66A /* Sources */,
				F722A53E1B51F8580081F66A /* Frameworks */,
				F722A53F1B51F8580081F66A /* Resources */,
			);
			buildRules = (
			);
			dependencies = (
			);
			name = JamMusic;
			productName = JamMusic;
			productReference = F722A5411B51F8580081F66A /* JamMusic.app */;
			productType = "com.apple.product-type.application";
		};
		F722A5591B51F8580081F66A /* JamMusicTests */ = {
			isa = PBXNativeTarget;
			buildConfigurationList = F722A5671B51F8580081F66A /* Build configuration list for PBXNativeTarget "JamMusicTests" */;
			buildPhases = (
				F722A5561B51F8580081F66A /* Sources */,
				F722A5571B51F8580081F66A /* Frameworks */,
				F722A5581B51F8580081F66A /* Resources */,
			);
			buildRules = (
			);
			dependencies = (
				F722A55C1B51F8580081F66A /* PBXTargetDependency */,
			);
			name = JamMusicTests;
			productName = JamMusicTests;
			productReference = F722A55A1B51F8580081F66A /* JamMusicTests.xctest */;
			productType = "com.apple.product-type.bundle.unit-test";
		};
/* End PBXNativeTarget section */

/* Begin PBXProject section */
		F722A5391B51F8580081F66A /* Project object */ = {
			isa = PBXProject;
			attributes = {
				LastUpgradeCheck = 0630;
				ORGANIZATIONNAME = 24k;
				TargetAttributes = {
					F722A5401B51F8580081F66A = {
						CreatedOnToolsVersion = 6.3;
					};
					F722A5591B51F8580081F66A = {
						CreatedOnToolsVersion = 6.3;
						TestTargetID = F722A5401B51F8580081F66A;
					};
				};
			};
			buildConfigurationList = F722A53C1B51F8580081F66A /* Build configuration list for PBXProject "JamMusic" */;
			compatibilityVersion = "Xcode 3.2";
			developmentRegion = English;
			hasScannedForEncodings = 0;
			knownRegions = (
				en,
				Base,
			);
			mainGroup = F722A5381B51F8580081F66A;
			productRefGroup = F722A5421B51F8580081F66A /* Products */;
			projectDirPath = "";
			projectRoot = "";
			targets = (
				F722A5401B51F8580081F66A /* JamMusic */,
				F722A5591B51F8580081F66A /* JamMusicTests */,
			);
		};
/* End PBXProject section */

/* Begin PBXResourcesBuildPhase section */
		F722A53F1B51F8580081F66A /* Resources */ = {
			isa = PBXResourcesBuildPhase;
			buildActionMask = 2147483647;
			files = (
				F722A5501B51F8580081F66A /* Main.storyboard in Resources */,
				F722A5551B51F8580081F66A /* LaunchScreen.xib in Resources */,
				F722A5521B51F8580081F66A /* Images.xcassets in Resources */,
			);
			runOnlyForDeploymentPostprocessing = 0;
		};
		F722A5581B51F8580081F66A /* Resources */ = {
			isa = PBXResourcesBuildPhase;
			buildActionMask = 2147483647;
			files = (
			);
			runOnlyForDeploymentPostprocessing = 0;
		};
/* End PBXResourcesBuildPhase section */

/* Begin PBXSourcesBuildPhase section */
		F722A53D1B51F8580081F66A /* Sources */ = {
			isa = PBXSourcesBuildPhase;
			buildActionMask = 2147483647;
			files = (
				F722A54D1B51F8580081F66A /* ViewController.m in Sources */,
				F722A54A1B51F8580081F66A /* AppDelegate.m in Sources */,
				F722A5471B51F8580081F66A /* main.m in Sources */,
			);
			runOnlyForDeploymentPostprocessing = 0;
		};
		F722A5561B51F8580081F66A /* Sources */ = {
			isa = PBXSourcesBuildPhase;
			buildActionMask = 2147483647;
			files = (
				F722A5611B51F8580081F66A /* JamMusicTests.m in Sources */,
			);
			runOnlyForDeploymentPostprocessing = 0;
		};
/* End PBXSourcesBuildPhase section */

/* Begin PBXTargetDependency section */
		F722A55C1B51F8580081F66A /* PBXTargetDependency */ = {
			isa = PBXTargetDependency;
			target = F722A5401B51F8580081F66A /* JamMusic */;
			targetProxy = F722A55B1B51F8580081F66A /* PBXContainerItemProxy */;
		};
/* End PBXTargetDependency section */

/* Begin PBXVariantGroup section */
		F722A54E1B51F8580081F66A /* Main.storyboard */ = {
			isa = PBXVariantGroup;
			children = (
				F722A54F1B51F8580081F66A /* Base */,
			);
			name = Main.storyboard;
			sourceTree = "<group>";
		};
		F722A5531B51F8580081F66A /* LaunchScreen.xib */ = {
			isa = PBXVariantGroup;
			children = (
				F722A5541B51F8580081F66A /* Base */,
			);
			name = LaunchScreen.xib;
			sourceTree = "<group>";
		};
/* End PBXVariantGroup section */

/* Begin XCBuildConfiguration section */
		F722A5621B51F8580081F66A /* Debug */ = {
			isa = XCBuildConfiguration;
			buildSettings = {
				ALWAYS_SEARCH_USER_PATHS = NO;
				CLANG_CXX_LANGUAGE_STANDARD = "gnu++0x";
				CLANG_CXX_LIBRARY = "libc++";
				CLANG_ENABLE_MODULES = YES;
				CLANG_ENABLE_OBJC_ARC = YES;
				CLANG_WARN_BOOL_CONVERSION = YES;
				CLANG_WARN_CONSTANT_CONVERSION = YES;
				CLANG_WARN_DIRECT_OBJC_ISA_USAGE = YES_ERROR;
				CLANG_WARN_EMPTY_BODY = YES;
				CLANG_WARN_ENUM_CONVERSION = YES;
				CLANG_WARN_INT_CONVERSION = YES;
				CLANG_WARN_OBJC_ROOT_CLASS = YES_ERROR;
				CLANG_WARN_UNREACHABLE_CODE = YES;
				CLANG_WARN__DUPLICATE_METHOD_MATCH = YES;
				"CODE_SIGN_IDENTITY[sdk=iphoneos*]" = "iPhone Developer";
				COPY_PHASE_STRIP = NO;
				DEBUG_INFORMATION_FORMAT = "dwarf-with-dsym";
				ENABLE_STRICT_OBJC_MSGSEND = YES;
				GCC_C_LANGUAGE_STANDARD = gnu99;
				GCC_DYNAMIC_NO_PIC = NO;
				GCC_NO_COMMON_BLOCKS = YES;
				GCC_OPTIMIZATION_LEVEL = 0;
				GCC_PREPROCESSOR_DEFINITIONS = (
					"DEBUG=1",
					"$(inherited)",
				);
				GCC_SYMBOLS_PRIVATE_EXTERN = NO;
				GCC_WARN_64_TO_32_BIT_CONVERSION = YES;
				GCC_WARN_ABOUT_RETURN_TYPE = YES_ERROR;
				GCC_WARN_UNDECLARED_SELECTOR = YES;
				GCC_WARN_UNINITIALIZED_AUTOS = YES_AGGRESSIVE;
				GCC_WARN_UNUSED_FUNCTION = YES;
				GCC_WARN_UNUSED_VARIABLE = YES;
				IPHONEOS_DEPLOYMENT_TARGET = 8.3;
				MTL_ENABLE_DEBUG_INFO = YES;
				ONLY_ACTIVE_ARCH = YES;
				SDKROOT = iphoneos;
				TARGETED_DEVICE_FAMILY = "1,2";
			};
			name = Debug;
		};
		F722A5631B51F8580081F66A /* Release */ = {
			isa = XCBuildConfiguration;
			buildSettings = {
				ALWAYS_SEARCH_USER_PATHS = NO;
				CLANG_CXX_LANGUAGE_STANDARD = "gnu++0x";
				CLANG_CXX_LIBRARY = "libc++";
				CLANG_ENABLE_MODULES = YES;
				CLANG_ENABLE_OBJC_ARC = YES;
				CLANG_WARN_BOOL_CONVERSION = YES;
				CLANG_WARN_CONSTANT_CONVERSION = YES;
				CLANG_WARN_DIRECT_OBJC_ISA_USAGE = YES_ERROR;
				CLANG_WARN_EMPTY_BODY = YES;
				CLANG_WARN_ENUM_CONVERSION = YES;
				CLANG_WARN_INT_CONVERSION = YES;
				CLANG_WARN_OBJC_ROOT_CLASS = YES_ERROR;
				CLANG_WARN_UNREACHABLE_CODE = YES;
				CLANG_WARN__DUPLICATE_METHOD_MATCH = YES;
				"CODE_SIGN_IDENTITY[sdk=iphoneos*]" = "iPhone Developer";
				COPY_PHASE_STRIP = NO;
				DEBUG_INFORMATION_FORMAT = "dwarf-with-dsym";
				ENABLE_NS_ASSERTIONS = NO;
				ENABLE_STRICT_OBJC_MSGSEND = YES;
				GCC_C_LANGUAGE_STANDARD = gnu99;
				GCC_NO_COMMON_BLOCKS = YES;
				GCC_WARN_64_TO_32_BIT_CONVERSION = YES;
				GCC_WARN_ABOUT_RETURN_TYPE = YES_ERROR;
				GCC_WARN_UNDECLARED_SELECTOR = YES;
				GCC_WARN_UNINITIALIZED_AUTOS = YES_AGGRESSIVE;
				GCC_WARN_UNUSED_FUNCTION = YES;
				GCC_WARN_UNUSED_VARIABLE = YES;
				IPHONEOS_DEPLOYMENT_TARGET = 8.3;
				MTL_ENABLE_DEBUG_INFO = NO;
				SDKROOT = iphoneos;
				TARGETED_DEVICE_FAMILY = "1,2";
				VALIDATE_PRODUCT = YES;
			};
			name = Release;
		};
		F722A5651B51F8580081F66A /* Debug */ = {
			isa = XCBuildConfiguration;
			buildSettings = {
				ASSETCATALOG_COMPILER_APPICON_NAME = AppIcon;
				INFOPLIST_FILE = JamMusic/Info.plist;
				LD_RUNPATH_SEARCH_PATHS = "$(inherited) @executable_path/Frameworks";
				PRODUCT_NAME = "$(TARGET_NAME)";
			};
			name = Debug;
		};
		F722A5661B51F8580081F66A /* Release */ = {
			isa = XCBuildConfiguration;
			buildSettings = {
				ASSETCATALOG_COMPILER_APPICON_NAME = AppIcon;
				INFOPLIST_FILE = JamMusic/Info.plist;
				LD_RUNPATH_SEARCH_PATHS = "$(inherited) @executable_path/Frameworks";
				PRODUCT_NAME = "$(TARGET_NAME)";
			};
			name = Release;
		};
		F722A5681B51F8580081F66A /* Debug */ = {
			isa = XCBuildConfiguration;
			buildSettings = {
				BUNDLE_LOADER = "$(TEST_HOST)";
				FRAMEWORK_SEARCH_PATHS = (
					"$(SDKROOT)/Developer/Library/Frameworks",
					"$(inherited)",
				);
				GCC_PREPROCESSOR_DEFINITIONS = (
					"DEBUG=1",
					"$(inherited)",
				);
				INFOPLIST_FILE = JamMusicTests/Info.plist;
				LD_RUNPATH_SEARCH_PATHS = "$(inherited) @executable_path/Frameworks @loader_path/Frameworks";
				PRODUCT_NAME = "$(TARGET_NAME)";
				TEST_HOST = "$(BUILT_PRODUCTS_DIR)/JamMusic.app/JamMusic";
			};
			name = Debug;
		};
		F722A5691B51F8580081F66A /* Release */ = {
			isa = XCBuildConfiguration;
			buildSettings = {
				BUNDLE_LOADER = "$(TEST_HOST)";
				FRAMEWORK_SEARCH_PATHS = (
					"$(SDKROOT)/Developer/Library/Frameworks",
					"$(inherited)",
				);
				INFOPLIST_FILE = JamMusicTests/Info.plist;
				LD_RUNPATH_SEARCH_PATHS = "$(inherited) @executable_path/Frameworks @loader_path/Frameworks";
				PRODUCT_NAME = "$(TARGET_NAME)";
				TEST_HOST = "$(BUILT_PRODUCTS_DIR)/JamMusic.app/JamMusic";
			};
			name = Release;
		};
/* End XCBuildConfiguration section */

/* Begin XCConfigurationList section */
		F722A53C1B51F8580081F66A /* Build configuration list for PBXProject "JamMusic" */ = {
			isa = XCConfigurationList;
			buildConfigurations = (
				F722A5621B51F8580081F66A /* Debug */,
				F722A5631B51F8580081F66A /* Release */,
			);
			defaultConfigurationIsVisible = 0;
			defaultConfigurationName = Release;
		};
		F722A5641B51F8580081F66A /* Build configuration list for PBXNativeTarget "JamMusic" */ = {
			isa = XCConfigurationList;
			buildConfigurations = (
				F722A5651B51F8580081F66A /* Debug */,
				F722A5661B51F8580081F66A /* Release */,
			);
			defaultConfigurationIsVisible = 0;
		};
		F722A5671B51F8580081F66A /* Build configuration list for PBXNativeTarget "JamMusicTests" */ = {
			isa = XCConfigurationList;
			buildConfigurations = (
				F722A5681B51F8580081F66A /* Debug */,
				F722A5691B51F8580081F66A /* Release */,
			);
			defaultConfigurationIsVisible = 0;
		};
/* End XCConfigurationList section */
	};
	rootObject = F722A5391B51F8580081F66A /* Project object */;
}
